// !$*UTF8*$!
{
	archiveVersion = 1;
	classes = {
	};
	objectVersion = 46;
	objects = {

/* Begin PBXBuildFile section */
		CD12512A1EB7AC00008EE4F7 /* main.m in Sources */ = {isa = PBXBuildFile; fileRef = CD1251291EB7AC00008EE4F7 /* main.m */; };
		CD12512D1EB7AC00008EE4F7 /* AppDelegate.m in Sources */ = {isa = PBXBuildFile; fileRef = CD12512C1EB7AC00008EE4F7 /* AppDelegate.m */; };
		CD1251301EB7AC00008EE4F7 /* ViewControlla.m in Sources */ = {isa = PBXBuildFile; fileRef = CD12512F1EB7AC00008EE4F7 /* ViewControlla.m */; };
		CD1251331EB7AC00008EE4F7 /* Main.storyboard in Resources */ = {isa = PBXBuildFile; fileRef = CD1251311EB7AC00008EE4F7 /* Main.storyboard */; };
		CD1251351EB7AC00008EE4F7 /* Assets.xcassets in Resources */ = {isa = PBXBuildFile; fileRef = CD1251341EB7AC00008EE4F7 /* Assets.xcassets */; };
		CD1251381EB7AC00008EE4F7 /* LaunchScreen.storyboard in Resources */ = {isa = PBXBuildFile; fileRef = CD1251361EB7AC00008EE4F7 /* LaunchScreen.storyboard */; };
		CD6602A31EB7B2D600883296 /* Carthage in Frameworks */ = {isa = PBXBuildFile; fileRef = CD6602A01EB7B2D600883296 /* Carthage */; };
		CD6602A41EB7B2D600883296 /* Parse.framework in Frameworks */ = {isa = PBXBuildFile; fileRef = CD6602A11EB7B2D600883296 /* Parse.framework */; };
		CD6602A51EB7B2D600883296 /* Bolts.framework in Frameworks */ = {isa = PBXBuildFile; fileRef = CD6602A21EB7B2D600883296 /* Bolts.framework */; };
		CD6602A71EB7B30700883296 /* Parse.framework in CopyFiles */ = {isa = PBXBuildFile; fileRef = CD6602A11EB7B2D600883296 /* Parse.framework */; settings = {ATTRIBUTES = (CodeSignOnCopy, RemoveHeadersOnCopy, ); }; };
		CD6602A81EB7B31F00883296 /* Bolts.framework in CopyFiles */ = {isa = PBXBuildFile; fileRef = CD6602A21EB7B2D600883296 /* Bolts.framework */; settings = {ATTRIBUTES = (CodeSignOnCopy, RemoveHeadersOnCopy, ); }; };
		CD6602AA1EB7C0C700883296 /* MapKit.framework in Frameworks */ = {isa = PBXBuildFile; fileRef = CD6602A91EB7C0C700883296 /* MapKit.framework */; };
		CD68EA971EB807BC0095DA34 /* CustomMKPinAnnotationView.m in Sources */ = {isa = PBXBuildFile; fileRef = CD68EA961EB807BC0095DA34 /* CustomMKPinAnnotationView.m */; };
/* End PBXBuildFile section */

/* Begin PBXCopyFilesBuildPhase section */
		CD6602A61EB7B2F200883296 /* CopyFiles */ = {
			isa = PBXCopyFilesBuildPhase;
			buildActionMask = 2147483647;
			dstPath = "";
			dstSubfolderSpec = 10;
			files = (
				CD6602A81EB7B31F00883296 /* Bolts.framework in CopyFiles */,
				CD6602A71EB7B30700883296 /* Parse.framework in CopyFiles */,
			);
			runOnlyForDeploymentPostprocessing = 0;
		};
/* End PBXCopyFilesBuildPhase section */

/* Begin PBXFileReference section */
		CD1251251EB7AC00008EE4F7 /* location-reminders.app */ = {isa = PBXFileReference; explicitFileType = wrapper.application; includeInIndex = 0; path = "location-reminders.app"; sourceTree = BUILT_PRODUCTS_DIR; };
		CD1251291EB7AC00008EE4F7 /* main.m */ = {isa = PBXFileReference; lastKnownFileType = sourcecode.c.objc; path = main.m; sourceTree = "<group>"; };
		CD12512B1EB7AC00008EE4F7 /* AppDelegate.h */ = {isa = PBXFileReference; lastKnownFileType = sourcecode.c.h; path = AppDelegate.h; sourceTree = "<group>"; };
		CD12512C1EB7AC00008EE4F7 /* AppDelegate.m */ = {isa = PBXFileReference; lastKnownFileType = sourcecode.c.objc; path = AppDelegate.m; sourceTree = "<group>"; };
		CD12512E1EB7AC00008EE4F7 /* ViewControlla.h */ = {isa = PBXFileReference; lastKnownFileType = sourcecode.c.h; path = ViewControlla.h; sourceTree = "<group>"; };
		CD12512F1EB7AC00008EE4F7 /* ViewControlla.m */ = {isa = PBXFileReference; lastKnownFileType = sourcecode.c.objc; path = ViewControlla.m; sourceTree = "<group>"; };
		CD1251321EB7AC00008EE4F7 /* Base */ = {isa = PBXFileReference; lastKnownFileType = file.storyboard; name = Base; path = Base.lproj/Main.storyboard; sourceTree = "<group>"; };
		CD1251341EB7AC00008EE4F7 /* Assets.xcassets */ = {isa = PBXFileReference; lastKnownFileType = folder.assetcatalog; path = Assets.xcassets; sourceTree = "<group>"; };
		CD1251371EB7AC00008EE4F7 /* Base */ = {isa = PBXFileReference; lastKnownFileType = file.storyboard; name = Base; path = Base.lproj/LaunchScreen.storyboard; sourceTree = "<group>"; };
		CD1251391EB7AC00008EE4F7 /* Info.plist */ = {isa = PBXFileReference; lastKnownFileType = text.plist.xml; path = Info.plist; sourceTree = "<group>"; };
		CD6602A01EB7B2D600883296 /* Carthage */ = {isa = PBXFileReference; lastKnownFileType = folder; path = Carthage; sourceTree = "<group>"; };
		CD6602A11EB7B2D600883296 /* Parse.framework */ = {isa = PBXFileReference; lastKnownFileType = wrapper.framework; name = Parse.framework; path = Carthage/Build/iOS/Parse.framework; sourceTree = "<group>"; };
		CD6602A21EB7B2D600883296 /* Bolts.framework */ = {isa = PBXFileReference; lastKnownFileType = wrapper.framework; name = Bolts.framework; path = Carthage/Build/iOS/Bolts.framework; sourceTree = "<group>"; };
		CD6602A91EB7C0C700883296 /* MapKit.framework */ = {isa = PBXFileReference; lastKnownFileType = wrapper.framework; name = MapKit.framework; path = System/Library/Frameworks/MapKit.framework; sourceTree = SDKROOT; };
		CD68EA951EB807BC0095DA34 /* CustomMKPinAnnotationView.h */ = {isa = PBXFileReference; fileEncoding = 4; lastKnownFileType = sourcecode.c.h; path = CustomMKPinAnnotationView.h; sourceTree = "<group>"; };
		CD68EA961EB807BC0095DA34 /* CustomMKPinAnnotationView.m */ = {isa = PBXFileReference; fileEncoding = 4; lastKnownFileType = sourcecode.c.objc; path = CustomMKPinAnnotationView.m; sourceTree = "<group>"; };
/* End PBXFileReference section */

/* Begin PBXFrameworksBuildPhase section */
		CD1251221EB7AC00008EE4F7 /* Frameworks */ = {
			isa = PBXFrameworksBuildPhase;
			buildActionMask = 2147483647;
			files = (
				CD6602A31EB7B2D600883296 /* Carthage in Frameworks */,
				CD6602A41EB7B2D600883296 /* Parse.framework in Frameworks */,
				CD6602AA1EB7C0C700883296 /* MapKit.framework in Frameworks */,
				CD6602A51EB7B2D600883296 /* Bolts.framework in Frameworks */,
			);
			runOnlyForDeploymentPostprocessing = 0;
		};
/* End PBXFrameworksBuildPhase section */

/* Begin PBXGroup section */
		CD12511C1EB7AC00008EE4F7 = {
			isa = PBXGroup;
			children = (
				CD1251271EB7AC00008EE4F7 /* location-reminders */,
				CD1251261EB7AC00008EE4F7 /* Products */,
				CD66029F1EB7B2D500883296 /* Frameworks */,
			);
			sourceTree = "<group>";
		};
		CD1251261EB7AC00008EE4F7 /* Products */ = {
			isa = PBXGroup;
			children = (
				CD1251251EB7AC00008EE4F7 /* location-reminders.app */,
			);
			name = Products;
			sourceTree = "<group>";
		};
		CD1251271EB7AC00008EE4F7 /* location-reminders */ = {
			isa = PBXGroup;
			children = (
				CD12512B1EB7AC00008EE4F7 /* AppDelegate.h */,
				CD12512C1EB7AC00008EE4F7 /* AppDelegate.m */,
				CD68EA941EB7F1530095DA34 /* view */,
				CD1251311EB7AC00008EE4F7 /* Main.storyboard */,
				CD1251341EB7AC00008EE4F7 /* Assets.xcassets */,
				CD68EA9B1EB811350095DA34 /* categories */,
				CD1251361EB7AC00008EE4F7 /* LaunchScreen.storyboard */,
				CD1251391EB7AC00008EE4F7 /* Info.plist */,
				CD1251281EB7AC00008EE4F7 /* Supporting Files */,
			);
			path = "location-reminders";
			sourceTree = "<group>";
		};
		CD1251281EB7AC00008EE4F7 /* Supporting Files */ = {
			isa = PBXGroup;
			children = (
				CD1251291EB7AC00008EE4F7 /* main.m */,
			);
			name = "Supporting Files";
			sourceTree = "<group>";
		};
		CD66029F1EB7B2D500883296 /* Frameworks */ = {
			isa = PBXGroup;
			children = (
				CD6602A91EB7C0C700883296 /* MapKit.framework */,
				CD6602A01EB7B2D600883296 /* Carthage */,
				CD6602A11EB7B2D600883296 /* Parse.framework */,
				CD6602A21EB7B2D600883296 /* Bolts.framework */,
			);
			name = Frameworks;
			sourceTree = "<group>";
		};
		CD68EA941EB7F1530095DA34 /* view */ = {
			isa = PBXGroup;
			children = (
				CD12512E1EB7AC00008EE4F7 /* ViewControlla.h */,
				CD12512F1EB7AC00008EE4F7 /* ViewControlla.m */,
				CD68EA951EB807BC0095DA34 /* CustomMKPinAnnotationView.h */,
				CD68EA961EB807BC0095DA34 /* CustomMKPinAnnotationView.m */,
			);
			name = view;
			sourceTree = "<group>";
		};
		CD68EA9B1EB811350095DA34 /* categories */ = {
			isa = PBXGroup;
			children = (
			);
			name = categories;
			sourceTree = "<group>";
		};
/* End PBXGroup section */

/* Begin PBXNativeTarget section */
		CD1251241EB7AC00008EE4F7 /* location-reminders */ = {
			isa = PBXNativeTarget;
			buildConfigurationList = CD12513C1EB7AC00008EE4F7 /* Build configuration list for PBXNativeTarget "location-reminders" */;
			buildPhases = (
				CD1251211EB7AC00008EE4F7 /* Sources */,
				CD1251221EB7AC00008EE4F7 /* Frameworks */,
				CD1251231EB7AC00008EE4F7 /* Resources */,
				CD6602A61EB7B2F200883296 /* CopyFiles */,
			);
			buildRules = (
			);
			dependencies = (
			);
			name = "location-reminders";
			productName = "location-reminders";
			productReference = CD1251251EB7AC00008EE4F7 /* location-reminders.app */;
			productType = "com.apple.product-type.application";
		};
/* End PBXNativeTarget section */

/* Begin PBXProject section */
		CD12511D1EB7AC00008EE4F7 /* Project object */ = {
			isa = PBXProject;
			attributes = {
				LastUpgradeCheck = 0830;
				ORGANIZATIONNAME = "Elyanil Liranzo Castro";
				TargetAttributes = {
					CD1251241EB7AC00008EE4F7 = {
						CreatedOnToolsVersion = 8.3.2;
						DevelopmentTeam = 6EJN6WTQBM;
						ProvisioningStyle = Automatic;
						SystemCapabilities = {
							com.apple.Maps.iOS = {
								enabled = 1;
							};
						};
					};
				};
			};
			buildConfigurationList = CD1251201EB7AC00008EE4F7 /* Build configuration list for PBXProject "location-reminders" */;
			compatibilityVersion = "Xcode 3.2";
			developmentRegion = English;
			hasScannedForEncodings = 0;
			knownRegions = (
				en,
				Base,
			);
			mainGroup = CD12511C1EB7AC00008EE4F7;
			productRefGroup = CD1251261EB7AC00008EE4F7 /* Products */;
			projectDirPath = "";
			projectRoot = "";
			targets = (
				CD1251241EB7AC00008EE4F7 /* location-reminders */,
			);
		};
/* End PBXProject section */

/* Begin PBXResourcesBuildPhase section */
		CD1251231EB7AC00008EE4F7 /* Resources */ = {
			isa = PBXResourcesBuildPhase;
			buildActionMask = 2147483647;
			files = (
				CD1251381EB7AC00008EE4F7 /* LaunchScreen.storyboard in Resources */,
				CD1251351EB7AC00008EE4F7 /* Assets.xcassets in Resources */,
				CD1251331EB7AC00008EE4F7 /* Main.storyboard in Resources */,
			);
			runOnlyForDeploymentPostprocessing = 0;
		};
/* End PBXResourcesBuildPhase section */

/* Begin PBXSourcesBuildPhase section */
		CD1251211EB7AC00008EE4F7 /* Sources */ = {
			isa = PBXSourcesBuildPhase;
			buildActionMask = 2147483647;
			files = (
				CD68EA971EB807BC0095DA34 /* CustomMKPinAnnotationView.m in Sources */,
				CD1251301EB7AC00008EE4F7 /* ViewControlla.m in Sources */,
				CD12512D1EB7AC00008EE4F7 /* AppDelegate.m in Sources */,
				CD12512A1EB7AC00008EE4F7 /* main.m in Sources */,
			);
			runOnlyForDeploymentPostprocessing = 0;
		};
/* End PBXSourcesBuildPhase section */

/* Begin PBXVariantGroup section */
		CD1251311EB7AC00008EE4F7 /* Main.storyboard */ = {
			isa = PBXVariantGroup;
			children = (
				CD1251321EB7AC00008EE4F7 /* Base */,
			);
			name = Main.storyboard;
			sourceTree = "<group>";
		};
		CD1251361EB7AC00008EE4F7 /* LaunchScreen.storyboard */ = {
			isa = PBXVariantGroup;
			children = (
				CD1251371EB7AC00008EE4F7 /* Base */,
			);
			name = LaunchScreen.storyboard;
			sourceTree = "<group>";
		};
/* End PBXVariantGroup section */

/* Begin XCBuildConfiguration section */
		CD12513A1EB7AC00008EE4F7 /* Debug */ = {
			isa = XCBuildConfiguration;
			buildSettings = {
				ALWAYS_SEARCH_USER_PATHS = NO;
				CLANG_ANALYZER_NONNULL = YES;
				CLANG_ANALYZER_NUMBER_OBJECT_CONVERSION = YES_AGGRESSIVE;
				CLANG_CXX_LANGUAGE_STANDARD = "gnu++0x";
				CLANG_CXX_LIBRARY = "libc++";
				CLANG_ENABLE_MODULES = YES;
				CLANG_ENABLE_OBJC_ARC = YES;
				CLANG_WARN_BOOL_CONVERSION = YES;
				CLANG_WARN_CONSTANT_CONVERSION = YES;
				CLANG_WARN_DIRECT_OBJC_ISA_USAGE = YES_ERROR;
				CLANG_WARN_DOCUMENTATION_COMMENTS = YES;
				CLANG_WARN_EMPTY_BODY = YES;
				CLANG_WARN_ENUM_CONVERSION = YES;
				CLANG_WARN_INFINITE_RECURSION = YES;
				CLANG_WARN_INT_CONVERSION = YES;
				CLANG_WARN_OBJC_ROOT_CLASS = YES_ERROR;
				CLANG_WARN_SUSPICIOUS_MOVE = YES;
				CLANG_WARN_UNREACHABLE_CODE = YES;
				CLANG_WARN__DUPLICATE_METHOD_MATCH = YES;
				"CODE_SIGN_IDENTITY[sdk=iphoneos*]" = "iPhone Developer";
				COPY_PHASE_STRIP = NO;
				DEBUG_INFORMATION_FORMAT = dwarf;
				ENABLE_STRICT_OBJC_MSGSEND = YES;
				ENABLE_TESTABILITY = YES;
				GCC_C_LANGUAGE_STANDARD = gnu99;
				GCC_DYNAMIC_NO_PIC = NO;
				GCC_NO_COMMON_BLOCKS = YES;
				GCC_OPTIMIZATION_LEVEL = 0;
				GCC_PREPROCESSOR_DEFINITIONS = (
					"DEBUG=1",
					"$(inherited)",
				);
				GCC_WARN_64_TO_32_BIT_CONVERSION = YES;
				GCC_WARN_ABOUT_RETURN_TYPE = YES_ERROR;
				GCC_WARN_UNDECLARED_SELECTOR = YES;
				GCC_WARN_UNINITIALIZED_AUTOS = YES_AGGRESSIVE;
				GCC_WARN_UNUSED_FUNCTION = YES;
				GCC_WARN_UNUSED_VARIABLE = YES;
				IPHONEOS_DEPLOYMENT_TARGET = 10.3;
				MTL_ENABLE_DEBUG_INFO = YES;
				ONLY_ACTIVE_ARCH = YES;
				SDKROOT = iphoneos;
				TARGETED_DEVICE_FAMILY = "1,2";
			};
			name = Debug;
		};
		CD12513B1EB7AC00008EE4F7 /* Release */ = {
			isa = XCBuildConfiguration;
			buildSettings = {
				ALWAYS_SEARCH_USER_PATHS = NO;
				CLANG_ANALYZER_NONNULL = YES;
				CLANG_ANALYZER_NUMBER_OBJECT_CONVERSION = YES_AGGRESSIVE;
				CLANG_CXX_LANGUAGE_STANDARD = "gnu++0x";
				CLANG_CXX_LIBRARY = "libc++";
				CLANG_ENABLE_MODULES = YES;
				CLANG_ENABLE_OBJC_ARC = YES;
				CLANG_WARN_BOOL_CONVERSION = YES;
				CLANG_WARN_CONSTANT_CONVERSION = YES;
				CLANG_WARN_DIRECT_OBJC_ISA_USAGE = YES_ERROR;
				CLANG_WARN_DOCUMENTATION_COMMENTS = YES;
				CLANG_WARN_EMPTY_BODY = YES;
				CLANG_WARN_ENUM_CONVERSION = YES;
				CLANG_WARN_INFINITE_RECURSION = YES;
				CLANG_WARN_INT_CONVERSION = YES;
				CLANG_WARN_OBJC_ROOT_CLASS = YES_ERROR;
				CLANG_WARN_SUSPICIOUS_MOVE = YES;
				CLANG_WARN_UNREACHABLE_CODE = YES;
				CLANG_WARN__DUPLICATE_METHOD_MATCH = YES;
				"CODE_SIGN_IDENTITY[sdk=iphoneos*]" = "iPhone Developer";
				COPY_PHASE_STRIP = NO;
				DEBUG_INFORMATION_FORMAT = "dwarf-with-dsym";
				ENABLE_NS_ASSERTIONS = NO;
				ENABLE_STRICT_OBJC_MSGSEND = YES;
				GCC_C_LANGUAGE_STANDARD = gnu99;
				GCC_NO_COMMON_BLOCKS = YES;
				GCC_WARN_64_TO_32_BIT_CONVERSION = YES;
				GCC_WARN_ABOUT_RETURN_TYPE = YES_ERROR;
				GCC_WARN_UNDECLARED_SELECTOR = YES;
				GCC_WARN_UNINITIALIZED_AUTOS = YES_AGGRESSIVE;
				GCC_WARN_UNUSED_FUNCTION = YES;
				GCC_WARN_UNUSED_VARIABLE = YES;
				IPHONEOS_DEPLOYMENT_TARGET = 10.3;
				MTL_ENABLE_DEBUG_INFO = NO;
				SDKROOT = iphoneos;
				TARGETED_DEVICE_FAMILY = "1,2";
				VALIDATE_PRODUCT = YES;
			};
			name = Release;
		};
		CD12513D1EB7AC00008EE4F7 /* Debug */ = {
			isa = XCBuildConfiguration;
			buildSettings = {
				ASSETCATALOG_COMPILER_APPICON_NAME = AppIcon;
				DEVELOPMENT_TEAM = 6EJN6WTQBM;
				FRAMEWORK_SEARCH_PATHS = (
					"$(inherited)",
					"$(PROJECT_DIR)/Carthage/Build/iOS",
				);
				INFOPLIST_FILE = "location-reminders/Info.plist";
				LD_RUNPATH_SEARCH_PATHS = "$(inherited) @executable_path/Frameworks";
				PRODUCT_BUNDLE_IDENTIFIER = "com.elyaniliranzocastro.location-reminders";
				PRODUCT_NAME = "$(TARGET_NAME)";
			};
			name = Debug;
		};
		CD12513E1EB7AC00008EE4F7 /* Release */ = {
			isa = XCBuildConfiguration;
			buildSettings = {
				ASSETCATALOG_COMPILER_APPICON_NAME = AppIcon;
				DEVELOPMENT_TEAM = 6EJN6WTQBM;
				FRAMEWORK_SEARCH_PATHS = (
					"$(inherited)",
					"$(PROJECT_DIR)/Carthage/Build/iOS",
				);
				INFOPLIST_FILE = "location-reminders/Info.plist";
				LD_RUNPATH_SEARCH_PATHS = "$(inherited) @executable_path/Frameworks";
				PRODUCT_BUNDLE_IDENTIFIER = "com.elyaniliranzocastro.location-reminders";
				PRODUCT_NAME = "$(TARGET_NAME)";
			};
			name = Release;
		};
/* End XCBuildConfiguration section */

/* Begin XCConfigurationList section */
		CD1251201EB7AC00008EE4F7 /* Build configuration list for PBXProject "location-reminders" */ = {
			isa = XCConfigurationList;
			buildConfigurations = (
				CD12513A1EB7AC00008EE4F7 /* Debug */,
				CD12513B1EB7AC00008EE4F7 /* Release */,
			);
			defaultConfigurationIsVisible = 0;
			defaultConfigurationName = Release;
		};
		CD12513C1EB7AC00008EE4F7 /* Build configuration list for PBXNativeTarget "location-reminders" */ = {
			isa = XCConfigurationList;
			buildConfigurations = (
				CD12513D1EB7AC00008EE4F7 /* Debug */,
				CD12513E1EB7AC00008EE4F7 /* Release */,
			);
			defaultConfigurationIsVisible = 0;
			defaultConfigurationName = Release;
		};
/* End XCConfigurationList section */
	};
	rootObject = CD12511D1EB7AC00008EE4F7 /* Project object */;
}
